
Microsoft Visual Studio Solution File, Format Version 12.00
# Visual Studio Version 17
VisualStudioVersion = 17.6.33829.357
MinimumVisualStudioVersion = 10.0.40219.1
Project("{FAE04EC0-301F-11D3-BF4B-00C04F79EFBC}") = "server", "server.csproj", "{B5928FA7-8A04-424D-8C18-463543C9F0DD}"
EndProject
Global
	GlobalSection(SolutionConfigurationPlatforms) = preSolution
		Debug|Any CPU = Debug|Any CPU
		Release|Any CPU = Release|Any CPU
	EndGlobalSection
	GlobalSection(ProjectConfigurationPlatforms) = postSolution
		{B5928FA7-8A04-424D-8C18-463543C9F0DD}.Debug|Any CPU.ActiveCfg = Debug|Any CPU
		{B5928FA7-8A04-424D-8C18-463543C9F0DD}.Debug|Any CPU.Build.0 = Debug|Any CPU
		{B5928FA7-8A04-424D-8C18-463543C9F0DD}.Release|Any CPU.ActiveCfg = Release|Any CPU
		{B5928FA7-8A04-424D-8C18-463543C9F0DD}.Release|Any CPU.Build.0 = Release|Any CPU
	EndGlobalSection
	GlobalSection(SolutionProperties) = preSolution
		HideSolutionNode = FALSE
	EndGlobalSection
	GlobalSection(ExtensibilityGlobals) = postSolution
		SolutionGuid = {2D13B82E-E0DC-4172-AC9E-7630358C1FCA}
	EndGlobalSection
EndGlobal
